{
  "name": "react",
  "version": "1.0.0",
  "lockfileVersion": 3,
  "requires": true,
  "packages": {
    "": {
      "name": "react",
      "version": "1.0.0",
      "license": "ISC",
      "devDependencies": {
        "@wagmi/cli": "^2.1.0",
        "typescript": "^5.3.3"
      }
    },
    "../../node_modules/.pnpm/@wagmi+cli@2.1.0/node_modules/@wagmi/cli": {
      "version": "2.1.0",
      "dev": true,
      "license": "MIT",
      "dependencies": {
        "abitype": "^0.9.8",
        "bundle-require": "^4.0.2",
        "cac": "^6.7.14",
        "change-case": "^4.1.2",
        "chokidar": "^3.5.3",
        "dedent": "^0.7.0",
        "dotenv": "^16.3.1",
        "dotenv-expand": "^10.0.0",
        "esbuild": "^0.19.0",
        "execa": "^6.1.0",
        "find-up": "^6.3.0",
        "fs-extra": "^10.1.0",
        "globby": "^13.2.2",
        "ora": "^6.3.1",
        "pathe": "^1.1.1",
        "picocolors": "^1.0.0",
        "prettier": "^3.0.3",
        "viem": "2.0.0",
        "zod": "^3.22.2"
      },
      "bin": {
        "wagmi": "dist/esm/cli.js"
      },
      "funding": {
        "url": "https://github.com/sponsors/wevm"
      },
      "peerDependencies": {
        "typescript": ">=5"
      },
      "peerDependenciesMeta": {
        "typescript": {
          "optional": true
        }
      }
    },
    "node_modules/@wagmi/cli": {
      "resolved": "../../node_modules/.pnpm/@wagmi+cli@2.1.0/node_modules/@wagmi/cli",
      "link": true
    },
    "node_modules/typescript": {
      "version": "5.3.3",
      "resolved": "https://registry.npmjs.org/typescript/-/typescript-5.3.3.tgz",
      "integrity": "sha512-pXWcraxM0uxAS+tN0AG/BF2TyqmHO014Z070UsJ+pFvYuRSq8KH8DmWpnbXe0pEPDHXZV3FcAbJkijJ5oNEnWw==",
      "dev": true,
      "bin": {
        "tsc": "bin/tsc",
        "tsserver": "bin/tsserver"
      },
      "engines": {
        "node": ">=14.17"
      }
    }
  }
}
